
Microsoft Visual Studio Solution File, Format Version 12.00
# Visual Studio Version 17
VisualStudioVersion = 17.10.34928.147
MinimumVisualStudioVersion = 10.0.40219.1
Project("{FAE04EC0-301F-11D3-BF4B-00C04F79EFBC}") = "WordFrequencyProject", "WordFrequency\WordFrequencyProject.csproj", "{C5C31382-2EEB-424E-ADA9-938D1142ECAB}"
EndProject
Project("{FAE04EC0-301F-11D3-BF4B-00C04F79EFBC}") = "WordFrequencyProjectTest", "WordFrequencyProjectTest\WordFrequencyProjectTest.csproj", "{228C5ECA-1E89-4EE4-82A1-425C09731670}"
EndProject
Global
	GlobalSection(SolutionConfigurationPlatforms) = preSolution
		Debug|Any CPU = Debug|Any CPU
		Release|Any CPU = Release|Any CPU
	EndGlobalSection
	GlobalSection(ProjectConfigurationPlatforms) = postSolution
		{C5C31382-2EEB-424E-ADA9-938D1142ECAB}.Debug|Any CPU.ActiveCfg = Debug|Any CPU
		{C5C31382-2EEB-424E-ADA9-938D1142ECAB}.Debug|Any CPU.Build.0 = Debug|Any CPU
		{C5C31382-2EEB-424E-ADA9-938D1142ECAB}.Release|Any CPU.ActiveCfg = Release|Any CPU
		{C5C31382-2EEB-424E-ADA9-938D1142ECAB}.Release|Any CPU.Build.0 = Release|Any CPU
		{228C5ECA-1E89-4EE4-82A1-425C09731670}.Debug|Any CPU.ActiveCfg = Debug|Any CPU
		{228C5ECA-1E89-4EE4-82A1-425C09731670}.Debug|Any CPU.Build.0 = Debug|Any CPU
		{228C5ECA-1E89-4EE4-82A1-425C09731670}.Release|Any CPU.ActiveCfg = Release|Any CPU
		{228C5ECA-1E89-4EE4-82A1-425C09731670}.Release|Any CPU.Build.0 = Release|Any CPU
	EndGlobalSection
	GlobalSection(SolutionProperties) = preSolution
		HideSolutionNode = FALSE
	EndGlobalSection
	GlobalSection(ExtensibilityGlobals) = postSolution
		SolutionGuid = {9F26E4DA-3A24-4459-B901-E73A71CB1C6F}
	EndGlobalSection
EndGlobal
